Microsoft Visual Studio Solution File, Format Version 8.00
Project("{8BC9CEB8-8B4A-11D0-8D11-00A0C91BC942}") = "CSPSimDLL", "CSPSimDLL\CSPSimDLL.vcproj", "{A609C12F-9E38-4AFF-8560-B1099F051941}"
	ProjectSection(ProjectDependencies) = postProject
	EndProjectSection
EndProject
Global
	GlobalSection(SolutionConfiguration) = preSolution
		Debug = Debug
		Release = Release
	EndGlobalSection
	GlobalSection(ProjectConfiguration) = postSolution
		{A609C12F-9E38-4AFF-8560-B1099F051941}.Debug.ActiveCfg = Debug|Win32
		{A609C12F-9E38-4AFF-8560-B1099F051941}.Debug.Build.0 = Debug|Win32
		{A609C12F-9E38-4AFF-8560-B1099F051941}.Release.ActiveCfg = Release|Win32
		{A609C12F-9E38-4AFF-8560-B1099F051941}.Release.Build.0 = Release|Win32
	EndGlobalSection
	GlobalSection(ExtensibilityGlobals) = postSolution
	EndGlobalSection
	GlobalSection(ExtensibilityAddIns) = postSolution
	EndGlobalSection
EndGlobal
