Microsoft Visual Studio Solution File, Format Version 8.00
Project("{8BC9CEB8-8B4A-11D0-8D11-00A0C91BC942}") = "heightfield_chunker", "heightfield_chunker\heightfield_chunker.vcproj", "{EA522843-0D21-416E-8A60-315280ADDB88}"
	ProjectSection(ProjectDependencies) = postProject
		{EC762EE9-F401-4EB8-9212-9B08C8568A97} = {EC762EE9-F401-4EB8-9212-9B08C8568A97}
	EndProjectSection
EndProject
Project("{8BC9CEB8-8B4A-11D0-8D11-00A0C91BC942}") = "heightfield_shader", "heightfield_shader\heightfield_shader.vcproj", "{4A346C89-EEA0-447A-9EC0-8C2844F59F69}"
	ProjectSection(ProjectDependencies) = postProject
		{EC762EE9-F401-4EB8-9212-9B08C8568A97} = {EC762EE9-F401-4EB8-9212-9B08C8568A97}
	EndProjectSection
EndProject
Project("{8BC9CEB8-8B4A-11D0-8D11-00A0C91BC942}") = "shader2", "shader2\shader2.vcproj", "{E1A5C9B6-3944-4F00-9E0F-4369F43D2BF9}"
	ProjectSection(ProjectDependencies) = postProject
		{EC762EE9-F401-4EB8-9212-9B08C8568A97} = {EC762EE9-F401-4EB8-9212-9B08C8568A97}
	EndProjectSection
EndProject
Project("{8BC9CEB8-8B4A-11D0-8D11-00A0C91BC942}") = "merge-ppm", "merge-ppm\merge-ppm.vcproj", "{C97F95B3-1ADB-4B0F-864F-C8CEA3C3E711}"
	ProjectSection(ProjectDependencies) = postProject
		{EC762EE9-F401-4EB8-9212-9B08C8568A97} = {EC762EE9-F401-4EB8-9212-9B08C8568A97}
	EndProjectSection
EndProject
Project("{8BC9CEB8-8B4A-11D0-8D11-00A0C91BC942}") = "makebt", "makebt\makebt.vcproj", "{069A7C80-5996-49A7-B708-F6F31842DF81}"
	ProjectSection(ProjectDependencies) = postProject
		{EC762EE9-F401-4EB8-9212-9B08C8568A97} = {EC762EE9-F401-4EB8-9212-9B08C8568A97}
	EndProjectSection
EndProject
Project("{8BC9CEB8-8B4A-11D0-8D11-00A0C91BC942}") = "maketqt", "maketqt\maketqt.vcproj", "{6A3B3F7E-350A-4752-94C8-7E9F84C48E43}"
	ProjectSection(ProjectDependencies) = postProject
		{EC762EE9-F401-4EB8-9212-9B08C8568A97} = {EC762EE9-F401-4EB8-9212-9B08C8568A97}
	EndProjectSection
EndProject
Project("{8BC9CEB8-8B4A-11D0-8D11-00A0C91BC942}") = "decimate_texture", "decimate_texture\decimate_texture.vcproj", "{FA6E1B0F-C792-4A80-A315-752ED678AB6A}"
	ProjectSection(ProjectDependencies) = postProject
		{EC762EE9-F401-4EB8-9212-9B08C8568A97} = {EC762EE9-F401-4EB8-9212-9B08C8568A97}
	EndProjectSection
EndProject
Project("{8BC9CEB8-8B4A-11D0-8D11-00A0C91BC942}") = "engine", "engine\engine.vcproj", "{EC762EE9-F401-4EB8-9212-9B08C8568A97}"
	ProjectSection(ProjectDependencies) = postProject
	EndProjectSection
EndProject
Global
	GlobalSection(SolutionConfiguration) = preSolution
		Debug = Debug
		Release = Release
	EndGlobalSection
	GlobalSection(ProjectConfiguration) = postSolution
		{EA522843-0D21-416E-8A60-315280ADDB88}.Debug.ActiveCfg = Debug|Win32
		{EA522843-0D21-416E-8A60-315280ADDB88}.Debug.Build.0 = Debug|Win32
		{EA522843-0D21-416E-8A60-315280ADDB88}.Release.ActiveCfg = Release|Win32
		{EA522843-0D21-416E-8A60-315280ADDB88}.Release.Build.0 = Release|Win32
		{4A346C89-EEA0-447A-9EC0-8C2844F59F69}.Debug.ActiveCfg = Debug|Win32
		{4A346C89-EEA0-447A-9EC0-8C2844F59F69}.Debug.Build.0 = Debug|Win32
		{4A346C89-EEA0-447A-9EC0-8C2844F59F69}.Release.ActiveCfg = Release|Win32
		{4A346C89-EEA0-447A-9EC0-8C2844F59F69}.Release.Build.0 = Release|Win32
		{E1A5C9B6-3944-4F00-9E0F-4369F43D2BF9}.Debug.ActiveCfg = Debug|Win32
		{E1A5C9B6-3944-4F00-9E0F-4369F43D2BF9}.Debug.Build.0 = Debug|Win32
		{E1A5C9B6-3944-4F00-9E0F-4369F43D2BF9}.Release.ActiveCfg = Release|Win32
		{E1A5C9B6-3944-4F00-9E0F-4369F43D2BF9}.Release.Build.0 = Release|Win32
		{C97F95B3-1ADB-4B0F-864F-C8CEA3C3E711}.Debug.ActiveCfg = Debug|Win32
		{C97F95B3-1ADB-4B0F-864F-C8CEA3C3E711}.Debug.Build.0 = Debug|Win32
		{C97F95B3-1ADB-4B0F-864F-C8CEA3C3E711}.Release.ActiveCfg = Release|Win32
		{C97F95B3-1ADB-4B0F-864F-C8CEA3C3E711}.Release.Build.0 = Release|Win32
		{069A7C80-5996-49A7-B708-F6F31842DF81}.Debug.ActiveCfg = Debug|Win32
		{069A7C80-5996-49A7-B708-F6F31842DF81}.Debug.Build.0 = Debug|Win32
		{069A7C80-5996-49A7-B708-F6F31842DF81}.Release.ActiveCfg = Release|Win32
		{069A7C80-5996-49A7-B708-F6F31842DF81}.Release.Build.0 = Release|Win32
		{6A3B3F7E-350A-4752-94C8-7E9F84C48E43}.Debug.ActiveCfg = Debug|Win32
		{6A3B3F7E-350A-4752-94C8-7E9F84C48E43}.Debug.Build.0 = Debug|Win32
		{6A3B3F7E-350A-4752-94C8-7E9F84C48E43}.Release.ActiveCfg = Release|Win32
		{6A3B3F7E-350A-4752-94C8-7E9F84C48E43}.Release.Build.0 = Release|Win32
		{FA6E1B0F-C792-4A80-A315-752ED678AB6A}.Debug.ActiveCfg = Debug|Win32
		{FA6E1B0F-C792-4A80-A315-752ED678AB6A}.Debug.Build.0 = Debug|Win32
		{FA6E1B0F-C792-4A80-A315-752ED678AB6A}.Release.ActiveCfg = Release|Win32
		{FA6E1B0F-C792-4A80-A315-752ED678AB6A}.Release.Build.0 = Release|Win32
		{EC762EE9-F401-4EB8-9212-9B08C8568A97}.Debug.ActiveCfg = Debug|Win32
		{EC762EE9-F401-4EB8-9212-9B08C8568A97}.Debug.Build.0 = Debug|Win32
		{EC762EE9-F401-4EB8-9212-9B08C8568A97}.Release.ActiveCfg = Release|Win32
		{EC762EE9-F401-4EB8-9212-9B08C8568A97}.Release.Build.0 = Release|Win32
	EndGlobalSection
	GlobalSection(ExtensibilityGlobals) = postSolution
	EndGlobalSection
	GlobalSection(ExtensibilityAddIns) = postSolution
	EndGlobalSection
EndGlobal
