Microsoft Visual Studio Solution File, Format Version 8.00
Project("{8BC9CEB8-8B4A-11D0-8D11-00A0C91BC942}") = "osgChunkLod", "VisualStudio.vcproj", "{439CBFDC-A6BC-4AE6-9A40-B706C4146C1A}"
	ProjectSection(ProjectDependencies) = postProject
	EndProjectSection
EndProject
Global
	GlobalSection(SolutionConfiguration) = preSolution
		Debug = Debug
		Release = Release
	EndGlobalSection
	GlobalSection(ProjectConfiguration) = postSolution
		{439CBFDC-A6BC-4AE6-9A40-B706C4146C1A}.Debug.ActiveCfg = Debug|Win32
		{439CBFDC-A6BC-4AE6-9A40-B706C4146C1A}.Debug.Build.0 = Debug|Win32
		{439CBFDC-A6BC-4AE6-9A40-B706C4146C1A}.Release.ActiveCfg = Release|Win32
		{439CBFDC-A6BC-4AE6-9A40-B706C4146C1A}.Release.Build.0 = Release|Win32
	EndGlobalSection
	GlobalSection(ExtensibilityGlobals) = postSolution
	EndGlobalSection
	GlobalSection(ExtensibilityAddIns) = postSolution
	EndGlobalSection
EndGlobal
